// !$*UTF8*$!
{
	archiveVersion = 1;
	classes = {
	};
	objectVersion = 46;
	objects = {

/* Begin PBXBuildFile section */
		13B07FBC1A68108700A75B9A /* AppDelegate.m in Sources */ = {isa = PBXBuildFile; fileRef = 13B07FB01A68108700A75B9A /* AppDelegate.m */; };
		13B07FBF1A68108700A75B9A /* Images.xcassets in Resources */ = {isa = PBXBuildFile; fileRef = 13B07FB51A68108700A75B9A /* Images.xcassets */; };
		13B07FC11A68108700A75B9A /* main.m in Sources */ = {isa = PBXBuildFile; fileRef = 13B07FB71A68108700A75B9A /* main.m */; };
		5BB37F9825EF781700B9B95A /* Equinor-Medium.ttf in Resources */ = {isa = PBXBuildFile; fileRef = 5BB37F8025EF781600B9B95A /* Equinor-Medium.ttf */; };
		5BB37F9925EF781700B9B95A /* Equinor-LightItalic.ttf in Resources */ = {isa = PBXBuildFile; fileRef = 5BB37F8125EF781600B9B95A /* Equinor-LightItalic.ttf */; };
		5BB37F9A25EF781700B9B95A /* Equinor-Regular.ttf in Resources */ = {isa = PBXBuildFile; fileRef = 5BB37F8225EF781700B9B95A /* Equinor-Regular.ttf */; };
		5BB37F9B25EF781700B9B95A /* Equinor-Italic.ttf in Resources */ = {isa = PBXBuildFile; fileRef = 5BB37F8325EF781700B9B95A /* Equinor-Italic.ttf */; };
		5BB37F9C25EF781700B9B95A /* Equinor-Italic.woff in Resources */ = {isa = PBXBuildFile; fileRef = 5BB37F8425EF781700B9B95A /* Equinor-Italic.woff */; };
		5BB37F9D25EF781700B9B95A /* Equinor-Medium.woff2 in Resources */ = {isa = PBXBuildFile; fileRef = 5BB37F8525EF781700B9B95A /* Equinor-Medium.woff2 */; };
		5BB37F9E25EF781700B9B95A /* Equinor-BoldItalic.woff2 in Resources */ = {isa = PBXBuildFile; fileRef = 5BB37F8625EF781700B9B95A /* Equinor-BoldItalic.woff2 */; };
		5BB37F9F25EF781700B9B95A /* Equinor-BoldItalic.ttf in Resources */ = {isa = PBXBuildFile; fileRef = 5BB37F8725EF781700B9B95A /* Equinor-BoldItalic.ttf */; };
		5BB37FA025EF781700B9B95A /* Equinor-Bold.woff2 in Resources */ = {isa = PBXBuildFile; fileRef = 5BB37F8825EF781700B9B95A /* Equinor-Bold.woff2 */; };
		5BB37FA125EF781700B9B95A /* Equinor-Bold.woff in Resources */ = {isa = PBXBuildFile; fileRef = 5BB37F8925EF781700B9B95A /* Equinor-Bold.woff */; };
		5BB37FA225EF781700B9B95A /* Equinor-Light.woff2 in Resources */ = {isa = PBXBuildFile; fileRef = 5BB37F8A25EF781700B9B95A /* Equinor-Light.woff2 */; };
		5BB37FA325EF781700B9B95A /* Equinor-LightItalic.woff in Resources */ = {isa = PBXBuildFile; fileRef = 5BB37F8B25EF781700B9B95A /* Equinor-LightItalic.woff */; };
		5BB37FA425EF781700B9B95A /* Equinor-BoldItalic.woff in Resources */ = {isa = PBXBuildFile; fileRef = 5BB37F8C25EF781700B9B95A /* Equinor-BoldItalic.woff */; };
		5BB37FA525EF781700B9B95A /* Equinor-Medium.woff in Resources */ = {isa = PBXBuildFile; fileRef = 5BB37F8D25EF781700B9B95A /* Equinor-Medium.woff */; };
		5BB37FA625EF781700B9B95A /* Equinor-Light.ttf in Resources */ = {isa = PBXBuildFile; fileRef = 5BB37F8E25EF781700B9B95A /* Equinor-Light.ttf */; };
		5BB37FA725EF781700B9B95A /* Equinor-Bold.ttf in Resources */ = {isa = PBXBuildFile; fileRef = 5BB37F8F25EF781700B9B95A /* Equinor-Bold.ttf */; };
		5BB37FA825EF781700B9B95A /* Equinor-Regular.woff in Resources */ = {isa = PBXBuildFile; fileRef = 5BB37F9025EF781700B9B95A /* Equinor-Regular.woff */; };
		5BB37FA925EF781700B9B95A /* Equinor-Regular.woff2 in Resources */ = {isa = PBXBuildFile; fileRef = 5BB37F9125EF781700B9B95A /* Equinor-Regular.woff2 */; };
		5BB37FAA25EF781700B9B95A /* Equinor-Italic.woff2 in Resources */ = {isa = PBXBuildFile; fileRef = 5BB37F9225EF781700B9B95A /* Equinor-Italic.woff2 */; };
		5BB37FAB25EF781700B9B95A /* Equinor-LightItalic.woff2 in Resources */ = {isa = PBXBuildFile; fileRef = 5BB37F9325EF781700B9B95A /* Equinor-LightItalic.woff2 */; };
		5BB37FAC25EF781700B9B95A /* Equinor-MediumItalic.ttf in Resources */ = {isa = PBXBuildFile; fileRef = 5BB37F9425EF781700B9B95A /* Equinor-MediumItalic.ttf */; };
		5BB37FAD25EF781700B9B95A /* Equinor-Light.woff in Resources */ = {isa = PBXBuildFile; fileRef = 5BB37F9525EF781700B9B95A /* Equinor-Light.woff */; };
		5BB37FAE25EF781700B9B95A /* Equinor-MediumItalic.woff in Resources */ = {isa = PBXBuildFile; fileRef = 5BB37F9625EF781700B9B95A /* Equinor-MediumItalic.woff */; };
		5BB37FAF25EF781700B9B95A /* Equinor-MediumItalic.woff2 in Resources */ = {isa = PBXBuildFile; fileRef = 5BB37F9725EF781700B9B95A /* Equinor-MediumItalic.woff2 */; };
		5BB37FE825EF7B8000B9B95A /* Equinor_logo3x.png in Resources */ = {isa = PBXBuildFile; fileRef = 5BB37FDA25EF7B7F00B9B95A /* Equinor_logo3x.png */; };
		5BB37FE925EF7B8000B9B95A /* icon_check_circle_black.png in Resources */ = {isa = PBXBuildFile; fileRef = 5BB37FDB25EF7B7F00B9B95A /* icon_check_circle_black.png */; };
		5BB37FEA25EF7B8000B9B95A /* scopeStatusPb.png in Resources */ = {isa = PBXBuildFile; fileRef = 5BB37FDC25EF7B7F00B9B95A /* scopeStatusPb.png */; };
		5BB37FEB25EF7B8000B9B95A /* Equinor_logo2x.png in Resources */ = {isa = PBXBuildFile; fileRef = 5BB37FDD25EF7B7F00B9B95A /* Equinor_logo2x.png */; };
		5BB37FEC25EF7B8000B9B95A /* scopeStatusPa.png in Resources */ = {isa = PBXBuildFile; fileRef = 5BB37FDE25EF7B7F00B9B95A /* scopeStatusPa.png */; };
		5BB37FED25EF7B8000B9B95A /* scopeStatusPa_selected.png in Resources */ = {isa = PBXBuildFile; fileRef = 5BB37FDF25EF7B7F00B9B95A /* scopeStatusPa_selected.png */; };
		5BB37FEE25EF7B8000B9B95A /* mc_app_ikon_transparent.png in Resources */ = {isa = PBXBuildFile; fileRef = 5BB37FE025EF7B7F00B9B95A /* mc_app_ikon_transparent.png */; };
		5BB37FEF25EF7B8000B9B95A /* mc.png in Resources */ = {isa = PBXBuildFile; fileRef = 5BB37FE125EF7B7F00B9B95A /* mc.png */; };
		5BB37FF025EF7B8000B9B95A /* cameraButton.png in Resources */ = {isa = PBXBuildFile; fileRef = 5BB37FE225EF7B7F00B9B95A /* cameraButton.png */; };
		5BB37FF125EF7B8000B9B95A /* scopeStatusGrey.png in Resources */ = {isa = PBXBuildFile; fileRef = 5BB37FE325EF7B7F00B9B95A /* scopeStatusGrey.png */; };
		5BB37FF225EF7B8000B9B95A /* scopeStatusGreen.png in Resources */ = {isa = PBXBuildFile; fileRef = 5BB37FE425EF7B7F00B9B95A /* scopeStatusGreen.png */; };
		5BB37FF325EF7B8000B9B95A /* Equinor_logo.png in Resources */ = {isa = PBXBuildFile; fileRef = 5BB37FE525EF7B8000B9B95A /* Equinor_logo.png */; };
		5BB37FF425EF7B8000B9B95A /* icon_check_circle_blue.png in Resources */ = {isa = PBXBuildFile; fileRef = 5BB37FE625EF7B8000B9B95A /* icon_check_circle_blue.png */; };
		5BB37FF525EF7B8000B9B95A /* scopeStatusPb_selected.png in Resources */ = {isa = PBXBuildFile; fileRef = 5BB37FE725EF7B8000B9B95A /* scopeStatusPb_selected.png */; };
		5BB3800225EF7BA000B9B95A /* PA.png in Resources */ = {isa = PBXBuildFile; fileRef = 5BB37FFA25EF7B9F00B9B95A /* PA.png */; };
		5BB3800325EF7BA000B9B95A /* OS.png in Resources */ = {isa = PBXBuildFile; fileRef = 5BB37FFB25EF7B9F00B9B95A /* OS.png */; };
		5BB3800425EF7BA000B9B95A /* CL-OS.png in Resources */ = {isa = PBXBuildFile; fileRef = 5BB37FFC25EF7B9F00B9B95A /* CL-OS.png */; };
		5BB3800525EF7BA000B9B95A /* OK.png in Resources */ = {isa = PBXBuildFile; fileRef = 5BB37FFD25EF7B9F00B9B95A /* OK.png */; };
		5BB3800625EF7BA000B9B95A /* PB.png in Resources */ = {isa = PBXBuildFile; fileRef = 5BB37FFE25EF7B9F00B9B95A /* PB.png */; };
		5BB3800725EF7BA000B9B95A /* CL-PB.png in Resources */ = {isa = PBXBuildFile; fileRef = 5BB37FFF25EF7B9F00B9B95A /* CL-PB.png */; };
		5BB3800825EF7BA000B9B95A /* CL-PA.png in Resources */ = {isa = PBXBuildFile; fileRef = 5BB3800025EF7BA000B9B95A /* CL-PA.png */; };
		5BB3800925EF7BA000B9B95A /* CL-OK.png in Resources */ = {isa = PBXBuildFile; fileRef = 5BB3800125EF7BA000B9B95A /* CL-OK.png */; };
		81AB9BB82411601600AC10FF /* LaunchScreen.storyboard in Resources */ = {isa = PBXBuildFile; fileRef = 81AB9BB72411601600AC10FF /* LaunchScreen.storyboard */; };
		ADB7F90F44D33891308B1523 /* libPods-McProCoSys.a in Frameworks */ = {isa = PBXBuildFile; fileRef = 3DBE5E76F5DFE790C17C2141 /* libPods-McProCoSys.a */; };
/* End PBXBuildFile section */

/* Begin PBXFileReference section */
		008F07F21AC5B25A0029DE68 /* main.jsbundle */ = {isa = PBXFileReference; fileEncoding = 4; lastKnownFileType = text; path = main.jsbundle; sourceTree = "<group>"; };
		13B07F961A680F5B00A75B9A /* McProCoSys.app */ = {isa = PBXFileReference; explicitFileType = wrapper.application; includeInIndex = 0; path = McProCoSys.app; sourceTree = BUILT_PRODUCTS_DIR; };
		13B07FAF1A68108700A75B9A /* AppDelegate.h */ = {isa = PBXFileReference; fileEncoding = 4; lastKnownFileType = sourcecode.c.h; name = AppDelegate.h; path = McProCoSys/AppDelegate.h; sourceTree = "<group>"; };
		13B07FB01A68108700A75B9A /* AppDelegate.m */ = {isa = PBXFileReference; fileEncoding = 4; lastKnownFileType = sourcecode.c.objc; name = AppDelegate.m; path = McProCoSys/AppDelegate.m; sourceTree = "<group>"; };
		13B07FB51A68108700A75B9A /* Images.xcassets */ = {isa = PBXFileReference; lastKnownFileType = folder.assetcatalog; name = Images.xcassets; path = McProCoSys/Images.xcassets; sourceTree = "<group>"; };
		13B07FB61A68108700A75B9A /* Info.plist */ = {isa = PBXFileReference; fileEncoding = 4; lastKnownFileType = text.plist.xml; name = Info.plist; path = McProCoSys/Info.plist; sourceTree = "<group>"; };
		13B07FB71A68108700A75B9A /* main.m */ = {isa = PBXFileReference; fileEncoding = 4; lastKnownFileType = sourcecode.c.objc; name = main.m; path = McProCoSys/main.m; sourceTree = "<group>"; };
		27F5FD7EE0D8EEE3444C782E /* Pods-McProCoSys.release.xcconfig */ = {isa = PBXFileReference; includeInIndex = 1; lastKnownFileType = text.xcconfig; name = "Pods-McProCoSys.release.xcconfig"; path = "Target Support Files/Pods-McProCoSys/Pods-McProCoSys.release.xcconfig"; sourceTree = "<group>"; };
		2A9D14C8CE42549EDAC22684 /* Pods-McProCoSys.debug.xcconfig */ = {isa = PBXFileReference; includeInIndex = 1; lastKnownFileType = text.xcconfig; name = "Pods-McProCoSys.debug.xcconfig"; path = "Target Support Files/Pods-McProCoSys/Pods-McProCoSys.debug.xcconfig"; sourceTree = "<group>"; };
		3DBE5E76F5DFE790C17C2141 /* libPods-McProCoSys.a */ = {isa = PBXFileReference; explicitFileType = archive.ar; includeInIndex = 0; path = "libPods-McProCoSys.a"; sourceTree = BUILT_PRODUCTS_DIR; };
		5BB37F8025EF781600B9B95A /* Equinor-Medium.ttf */ = {isa = PBXFileReference; lastKnownFileType = file; name = "Equinor-Medium.ttf"; path = "../resources/fonts/Equinor-Medium.ttf"; sourceTree = "<group>"; };
		5BB37F8125EF781600B9B95A /* Equinor-LightItalic.ttf */ = {isa = PBXFileReference; lastKnownFileType = file; name = "Equinor-LightItalic.ttf"; path = "../resources/fonts/Equinor-LightItalic.ttf"; sourceTree = "<group>"; };
		5BB37F8225EF781700B9B95A /* Equinor-Regular.ttf */ = {isa = PBXFileReference; lastKnownFileType = file; name = "Equinor-Regular.ttf"; path = "../resources/fonts/Equinor-Regular.ttf"; sourceTree = "<group>"; };
		5BB37F8325EF781700B9B95A /* Equinor-Italic.ttf */ = {isa = PBXFileReference; lastKnownFileType = file; name = "Equinor-Italic.ttf"; path = "../resources/fonts/Equinor-Italic.ttf"; sourceTree = "<group>"; };
		5BB37F8425EF781700B9B95A /* Equinor-Italic.woff */ = {isa = PBXFileReference; lastKnownFileType = file; name = "Equinor-Italic.woff"; path = "../resources/fonts/Equinor-Italic.woff"; sourceTree = "<group>"; };
		5BB37F8525EF781700B9B95A /* Equinor-Medium.woff2 */ = {isa = PBXFileReference; lastKnownFileType = file; name = "Equinor-Medium.woff2"; path = "../resources/fonts/Equinor-Medium.woff2"; sourceTree = "<group>"; };
		5BB37F8625EF781700B9B95A /* Equinor-BoldItalic.woff2 */ = {isa = PBXFileReference; lastKnownFileType = file; name = "Equinor-BoldItalic.woff2"; path = "../resources/fonts/Equinor-BoldItalic.woff2"; sourceTree = "<group>"; };
		5BB37F8725EF781700B9B95A /* Equinor-BoldItalic.ttf */ = {isa = PBXFileReference; lastKnownFileType = file; name = "Equinor-BoldItalic.ttf"; path = "../resources/fonts/Equinor-BoldItalic.ttf"; sourceTree = "<group>"; };
		5BB37F8825EF781700B9B95A /* Equinor-Bold.woff2 */ = {isa = PBXFileReference; lastKnownFileType = file; name = "Equinor-Bold.woff2"; path = "../resources/fonts/Equinor-Bold.woff2"; sourceTree = "<group>"; };
		5BB37F8925EF781700B9B95A /* Equinor-Bold.woff */ = {isa = PBXFileReference; lastKnownFileType = file; name = "Equinor-Bold.woff"; path = "../resources/fonts/Equinor-Bold.woff"; sourceTree = "<group>"; };
		5BB37F8A25EF781700B9B95A /* Equinor-Light.woff2 */ = {isa = PBXFileReference; lastKnownFileType = file; name = "Equinor-Light.woff2"; path = "../resources/fonts/Equinor-Light.woff2"; sourceTree = "<group>"; };
		5BB37F8B25EF781700B9B95A /* Equinor-LightItalic.woff */ = {isa = PBXFileReference; lastKnownFileType = file; name = "Equinor-LightItalic.woff"; path = "../resources/fonts/Equinor-LightItalic.woff"; sourceTree = "<group>"; };
		5BB37F8C25EF781700B9B95A /* Equinor-BoldItalic.woff */ = {isa = PBXFileReference; lastKnownFileType = file; name = "Equinor-BoldItalic.woff"; path = "../resources/fonts/Equinor-BoldItalic.woff"; sourceTree = "<group>"; };
		5BB37F8D25EF781700B9B95A /* Equinor-Medium.woff */ = {isa = PBXFileReference; lastKnownFileType = file; name = "Equinor-Medium.woff"; path = "../resources/fonts/Equinor-Medium.woff"; sourceTree = "<group>"; };
		5BB37F8E25EF781700B9B95A /* Equinor-Light.ttf */ = {isa = PBXFileReference; lastKnownFileType = file; name = "Equinor-Light.ttf"; path = "../resources/fonts/Equinor-Light.ttf"; sourceTree = "<group>"; };
		5BB37F8F25EF781700B9B95A /* Equinor-Bold.ttf */ = {isa = PBXFileReference; lastKnownFileType = file; name = "Equinor-Bold.ttf"; path = "../resources/fonts/Equinor-Bold.ttf"; sourceTree = "<group>"; };
		5BB37F9025EF781700B9B95A /* Equinor-Regular.woff */ = {isa = PBXFileReference; lastKnownFileType = file; name = "Equinor-Regular.woff"; path = "../resources/fonts/Equinor-Regular.woff"; sourceTree = "<group>"; };
		5BB37F9125EF781700B9B95A /* Equinor-Regular.woff2 */ = {isa = PBXFileReference; lastKnownFileType = file; name = "Equinor-Regular.woff2"; path = "../resources/fonts/Equinor-Regular.woff2"; sourceTree = "<group>"; };
		5BB37F9225EF781700B9B95A /* Equinor-Italic.woff2 */ = {isa = PBXFileReference; lastKnownFileType = file; name = "Equinor-Italic.woff2"; path = "../resources/fonts/Equinor-Italic.woff2"; sourceTree = "<group>"; };
		5BB37F9325EF781700B9B95A /* Equinor-LightItalic.woff2 */ = {isa = PBXFileReference; lastKnownFileType = file; name = "Equinor-LightItalic.woff2"; path = "../resources/fonts/Equinor-LightItalic.woff2"; sourceTree = "<group>"; };
		5BB37F9425EF781700B9B95A /* Equinor-MediumItalic.ttf */ = {isa = PBXFileReference; lastKnownFileType = file; name = "Equinor-MediumItalic.ttf"; path = "../resources/fonts/Equinor-MediumItalic.ttf"; sourceTree = "<group>"; };
		5BB37F9525EF781700B9B95A /* Equinor-Light.woff */ = {isa = PBXFileReference; lastKnownFileType = file; name = "Equinor-Light.woff"; path = "../resources/fonts/Equinor-Light.woff"; sourceTree = "<group>"; };
		5BB37F9625EF781700B9B95A /* Equinor-MediumItalic.woff */ = {isa = PBXFileReference; lastKnownFileType = file; name = "Equinor-MediumItalic.woff"; path = "../resources/fonts/Equinor-MediumItalic.woff"; sourceTree = "<group>"; };
		5BB37F9725EF781700B9B95A /* Equinor-MediumItalic.woff2 */ = {isa = PBXFileReference; lastKnownFileType = file; name = "Equinor-MediumItalic.woff2"; path = "../resources/fonts/Equinor-MediumItalic.woff2"; sourceTree = "<group>"; };
		5BB37FB425EF7B0100B9B95A /* SimpleLineIcons.ttf */ = {isa = PBXFileReference; lastKnownFileType = file; name = SimpleLineIcons.ttf; path = "../node_modules/react-native-vector-icons/Fonts/SimpleLineIcons.ttf"; sourceTree = "<group>"; };
		5BB37FB525EF7B0100B9B95A /* Octicons.ttf */ = {isa = PBXFileReference; lastKnownFileType = file; name = Octicons.ttf; path = "../node_modules/react-native-vector-icons/Fonts/Octicons.ttf"; sourceTree = "<group>"; };
		5BB37FB625EF7B0100B9B95A /* Zocial.ttf */ = {isa = PBXFileReference; lastKnownFileType = file; name = Zocial.ttf; path = "../node_modules/react-native-vector-icons/Fonts/Zocial.ttf"; sourceTree = "<group>"; };
		5BB37FB725EF7B0200B9B95A /* Entypo.ttf */ = {isa = PBXFileReference; lastKnownFileType = file; name = Entypo.ttf; path = "../node_modules/react-native-vector-icons/Fonts/Entypo.ttf"; sourceTree = "<group>"; };
		5BB37FB825EF7B0200B9B95A /* Feather.ttf */ = {isa = PBXFileReference; lastKnownFileType = file; name = Feather.ttf; path = "../node_modules/react-native-vector-icons/Fonts/Feather.ttf"; sourceTree = "<group>"; };
		5BB37FB925EF7B0200B9B95A /* MaterialIcons.ttf */ = {isa = PBXFileReference; lastKnownFileType = file; name = MaterialIcons.ttf; path = "../node_modules/react-native-vector-icons/Fonts/MaterialIcons.ttf"; sourceTree = "<group>"; };
		5BB37FBA25EF7B0200B9B95A /* Foundation.ttf */ = {isa = PBXFileReference; lastKnownFileType = file; name = Foundation.ttf; path = "../node_modules/react-native-vector-icons/Fonts/Foundation.ttf"; sourceTree = "<group>"; };
		5BB37FBB25EF7B0200B9B95A /* FontAwesome.ttf */ = {isa = PBXFileReference; lastKnownFileType = file; name = FontAwesome.ttf; path = "../node_modules/react-native-vector-icons/Fonts/FontAwesome.ttf"; sourceTree = "<group>"; };
		5BB37FBC25EF7B0200B9B95A /* Ionicons.ttf */ = {isa = PBXFileReference; lastKnownFileType = file; name = Ionicons.ttf; path = "../node_modules/react-native-vector-icons/Fonts/Ionicons.ttf"; sourceTree = "<group>"; };
		5BB37FBD25EF7B0200B9B95A /* EvilIcons.ttf */ = {isa = PBXFileReference; lastKnownFileType = file; name = EvilIcons.ttf; path = "../node_modules/react-native-vector-icons/Fonts/EvilIcons.ttf"; sourceTree = "<group>"; };
		5BB37FBE25EF7B0200B9B95A /* MaterialCommunityIcons.ttf */ = {isa = PBXFileReference; lastKnownFileType = file; name = MaterialCommunityIcons.ttf; path = "../node_modules/react-native-vector-icons/Fonts/MaterialCommunityIcons.ttf"; sourceTree = "<group>"; };
		5BB37FCE25EF7B3000B9B95A /* FontAwesome5_Regular.ttf */ = {isa = PBXFileReference; lastKnownFileType = file; name = FontAwesome5_Regular.ttf; path = "../node_modules/react-native-vector-icons/Fonts/FontAwesome5_Regular.ttf"; sourceTree = "<group>"; };
		5BB37FCF25EF7B3000B9B95A /* FontAwesome5_Solid.ttf */ = {isa = PBXFileReference; lastKnownFileType = file; name = FontAwesome5_Solid.ttf; path = "../node_modules/react-native-vector-icons/Fonts/FontAwesome5_Solid.ttf"; sourceTree = "<group>"; };
		5BB37FD025EF7B3000B9B95A /* AntDesign.ttf */ = {isa = PBXFileReference; lastKnownFileType = file; name = AntDesign.ttf; path = "../node_modules/react-native-vector-icons/Fonts/AntDesign.ttf"; sourceTree = "<group>"; };
		5BB37FD125EF7B3000B9B95A /* FontAwesome5_Brands.ttf */ = {isa = PBXFileReference; lastKnownFileType = file; name = FontAwesome5_Brands.ttf; path = "../node_modules/react-native-vector-icons/Fonts/FontAwesome5_Brands.ttf"; sourceTree = "<group>"; };
		5BB37FDA25EF7B7F00B9B95A /* Equinor_logo3x.png */ = {isa = PBXFileReference; lastKnownFileType = image.png; name = Equinor_logo3x.png; path = ../resources/images/Equinor_logo3x.png; sourceTree = "<group>"; };
		5BB37FDB25EF7B7F00B9B95A /* icon_check_circle_black.png */ = {isa = PBXFileReference; lastKnownFileType = image.png; name = icon_check_circle_black.png; path = ../resources/images/icon_check_circle_black.png; sourceTree = "<group>"; };
		5BB37FDC25EF7B7F00B9B95A /* scopeStatusPb.png */ = {isa = PBXFileReference; lastKnownFileType = image.png; name = scopeStatusPb.png; path = ../resources/images/scopeStatusPb.png; sourceTree = "<group>"; };
		5BB37FDD25EF7B7F00B9B95A /* Equinor_logo2x.png */ = {isa = PBXFileReference; lastKnownFileType = image.png; name = Equinor_logo2x.png; path = ../resources/images/Equinor_logo2x.png; sourceTree = "<group>"; };
		5BB37FDE25EF7B7F00B9B95A /* scopeStatusPa.png */ = {isa = PBXFileReference; lastKnownFileType = image.png; name = scopeStatusPa.png; path = ../resources/images/scopeStatusPa.png; sourceTree = "<group>"; };
		5BB37FDF25EF7B7F00B9B95A /* scopeStatusPa_selected.png */ = {isa = PBXFileReference; lastKnownFileType = image.png; name = scopeStatusPa_selected.png; path = ../resources/images/scopeStatusPa_selected.png; sourceTree = "<group>"; };
		5BB37FE025EF7B7F00B9B95A /* mc_app_ikon_transparent.png */ = {isa = PBXFileReference; lastKnownFileType = image.png; name = mc_app_ikon_transparent.png; path = ../resources/images/mc_app_ikon_transparent.png; sourceTree = "<group>"; };
		5BB37FE125EF7B7F00B9B95A /* mc.png */ = {isa = PBXFileReference; lastKnownFileType = image.png; name = mc.png; path = ../resources/images/mc.png; sourceTree = "<group>"; };
		5BB37FE225EF7B7F00B9B95A /* cameraButton.png */ = {isa = PBXFileReference; lastKnownFileType = image.png; name = cameraButton.png; path = ../resources/images/cameraButton.png; sourceTree = "<group>"; };
		5BB37FE325EF7B7F00B9B95A /* scopeStatusGrey.png */ = {isa = PBXFileReference; lastKnownFileType = image.png; name = scopeStatusGrey.png; path = ../resources/images/scopeStatusGrey.png; sourceTree = "<group>"; };
		5BB37FE425EF7B7F00B9B95A /* scopeStatusGreen.png */ = {isa = PBXFileReference; lastKnownFileType = image.png; name = scopeStatusGreen.png; path = ../resources/images/scopeStatusGreen.png; sourceTree = "<group>"; };
		5BB37FE525EF7B8000B9B95A /* Equinor_logo.png */ = {isa = PBXFileReference; lastKnownFileType = image.png; name = Equinor_logo.png; path = ../resources/images/Equinor_logo.png; sourceTree = "<group>"; };
		5BB37FE625EF7B8000B9B95A /* icon_check_circle_blue.png */ = {isa = PBXFileReference; lastKnownFileType = image.png; name = icon_check_circle_blue.png; path = ../resources/images/icon_check_circle_blue.png; sourceTree = "<group>"; };
		5BB37FE725EF7B8000B9B95A /* scopeStatusPb_selected.png */ = {isa = PBXFileReference; lastKnownFileType = image.png; name = scopeStatusPb_selected.png; path = ../resources/images/scopeStatusPb_selected.png; sourceTree = "<group>"; };
		5BB37FFA25EF7B9F00B9B95A /* PA.png */ = {isa = PBXFileReference; lastKnownFileType = image.png; name = PA.png; path = ../resources/images/status/PA.png; sourceTree = "<group>"; };
		5BB37FFB25EF7B9F00B9B95A /* OS.png */ = {isa = PBXFileReference; lastKnownFileType = image.png; name = OS.png; path = ../resources/images/status/OS.png; sourceTree = "<group>"; };
		5BB37FFC25EF7B9F00B9B95A /* CL-OS.png */ = {isa = PBXFileReference; lastKnownFileType = image.png; name = "CL-OS.png"; path = "../resources/images/status/CL-OS.png"; sourceTree = "<group>"; };
		5BB37FFD25EF7B9F00B9B95A /* OK.png */ = {isa = PBXFileReference; lastKnownFileType = image.png; name = OK.png; path = ../resources/images/status/OK.png; sourceTree = "<group>"; };
		5BB37FFE25EF7B9F00B9B95A /* PB.png */ = {isa = PBXFileReference; lastKnownFileType = image.png; name = PB.png; path = ../resources/images/status/PB.png; sourceTree = "<group>"; };
		5BB37FFF25EF7B9F00B9B95A /* CL-PB.png */ = {isa = PBXFileReference; lastKnownFileType = image.png; name = "CL-PB.png"; path = "../resources/images/status/CL-PB.png"; sourceTree = "<group>"; };
		5BB3800025EF7BA000B9B95A /* CL-PA.png */ = {isa = PBXFileReference; lastKnownFileType = image.png; name = "CL-PA.png"; path = "../resources/images/status/CL-PA.png"; sourceTree = "<group>"; };
		5BB3800125EF7BA000B9B95A /* CL-OK.png */ = {isa = PBXFileReference; lastKnownFileType = image.png; name = "CL-OK.png"; path = "../resources/images/status/CL-OK.png"; sourceTree = "<group>"; };
		5BB3800E25EF7BF300B9B95A /* Fontisto.ttf */ = {isa = PBXFileReference; lastKnownFileType = file; name = Fontisto.ttf; path = "../node_modules/react-native-vector-icons/Fonts/Fontisto.ttf"; sourceTree = "<group>"; };
		81AB9BB72411601600AC10FF /* LaunchScreen.storyboard */ = {isa = PBXFileReference; fileEncoding = 4; lastKnownFileType = file.storyboard; name = LaunchScreen.storyboard; path = McProCoSys/LaunchScreen.storyboard; sourceTree = "<group>"; };
		ED297162215061F000B7C4FE /* JavaScriptCore.framework */ = {isa = PBXFileReference; lastKnownFileType = wrapper.framework; name = JavaScriptCore.framework; path = System/Library/Frameworks/JavaScriptCore.framework; sourceTree = SDKROOT; };
		ED2971642150620600B7C4FE /* JavaScriptCore.framework */ = {isa = PBXFileReference; lastKnownFileType = wrapper.framework; name = JavaScriptCore.framework; path = Platforms/AppleTVOS.platform/Developer/SDKs/AppleTVOS12.0.sdk/System/Library/Frameworks/JavaScriptCore.framework; sourceTree = DEVELOPER_DIR; };
/* End PBXFileReference section */

/* Begin PBXFrameworksBuildPhase section */
		13B07F8C1A680F5B00A75B9A /* Frameworks */ = {
			isa = PBXFrameworksBuildPhase;
			buildActionMask = 2147483647;
			files = (
				ADB7F90F44D33891308B1523 /* libPods-McProCoSys.a in Frameworks */,
			);
			runOnlyForDeploymentPostprocessing = 0;
		};
/* End PBXFrameworksBuildPhase section */

/* Begin PBXGroup section */
		028C5A62634E6B6798AEC6CE /* Pods */ = {
			isa = PBXGroup;
			children = (
				2A9D14C8CE42549EDAC22684 /* Pods-McProCoSys.debug.xcconfig */,
				27F5FD7EE0D8EEE3444C782E /* Pods-McProCoSys.release.xcconfig */,
			);
			path = Pods;
			sourceTree = "<group>";
		};
		13B07FAE1A68108700A75B9A /* McProCoSys */ = {
			isa = PBXGroup;
			children = (
				008F07F21AC5B25A0029DE68 /* main.jsbundle */,
				13B07FAF1A68108700A75B9A /* AppDelegate.h */,
				13B07FB01A68108700A75B9A /* AppDelegate.m */,
				13B07FB51A68108700A75B9A /* Images.xcassets */,
				13B07FB61A68108700A75B9A /* Info.plist */,
				81AB9BB72411601600AC10FF /* LaunchScreen.storyboard */,
				13B07FB71A68108700A75B9A /* main.m */,
			);
			name = McProCoSys;
			sourceTree = "<group>";
		};
		2D16E6871FA4F8E400B85C8A /* Frameworks */ = {
			isa = PBXGroup;
			children = (
				ED297162215061F000B7C4FE /* JavaScriptCore.framework */,
				ED2971642150620600B7C4FE /* JavaScriptCore.framework */,
				3DBE5E76F5DFE790C17C2141 /* libPods-McProCoSys.a */,
			);
			name = Frameworks;
			sourceTree = "<group>";
		};
		5BB37F7F25EF770400B9B95A /* Resources */ = {
			isa = PBXGroup;
			children = (
				5BB37F8F25EF781700B9B95A /* Equinor-Bold.ttf */,
				5BB37F8925EF781700B9B95A /* Equinor-Bold.woff */,
				5BB37F8825EF781700B9B95A /* Equinor-Bold.woff2 */,
				5BB37F8725EF781700B9B95A /* Equinor-BoldItalic.ttf */,
				5BB37F8C25EF781700B9B95A /* Equinor-BoldItalic.woff */,
				5BB37F8625EF781700B9B95A /* Equinor-BoldItalic.woff2 */,
				5BB37F8325EF781700B9B95A /* Equinor-Italic.ttf */,
				5BB37F8425EF781700B9B95A /* Equinor-Italic.woff */,
				5BB37F9225EF781700B9B95A /* Equinor-Italic.woff2 */,
				5BB37F8E25EF781700B9B95A /* Equinor-Light.ttf */,
				5BB37F9525EF781700B9B95A /* Equinor-Light.woff */,
				5BB37F8A25EF781700B9B95A /* Equinor-Light.woff2 */,
				5BB37F8125EF781600B9B95A /* Equinor-LightItalic.ttf */,
				5BB37FD025EF7B3000B9B95A /* AntDesign.ttf */,
				5BB37FD125EF7B3000B9B95A /* FontAwesome5_Brands.ttf */,
				5BB37FCE25EF7B3000B9B95A /* FontAwesome5_Regular.ttf */,
				5BB37FCF25EF7B3000B9B95A /* FontAwesome5_Solid.ttf */,
				5BB37FB725EF7B0200B9B95A /* Entypo.ttf */,
				5BB37FBD25EF7B0200B9B95A /* EvilIcons.ttf */,
				5BB37FB825EF7B0200B9B95A /* Feather.ttf */,
				5BB37FBB25EF7B0200B9B95A /* FontAwesome.ttf */,
				5BB37FBA25EF7B0200B9B95A /* Foundation.ttf */,
				5BB37FBC25EF7B0200B9B95A /* Ionicons.ttf */,
				5BB37FBE25EF7B0200B9B95A /* MaterialCommunityIcons.ttf */,
				5BB37FB925EF7B0200B9B95A /* MaterialIcons.ttf */,
				5BB37FB525EF7B0100B9B95A /* Octicons.ttf */,
				5BB37FB425EF7B0100B9B95A /* SimpleLineIcons.ttf */,
				5BB37FB625EF7B0100B9B95A /* Zocial.ttf */,
				5BB37F8B25EF781700B9B95A /* Equinor-LightItalic.woff */,
				5BB37F9325EF781700B9B95A /* Equinor-LightItalic.woff2 */,
				5BB37F8025EF781600B9B95A /* Equinor-Medium.ttf */,
				5BB37F8D25EF781700B9B95A /* Equinor-Medium.woff */,
				5BB37F8525EF781700B9B95A /* Equinor-Medium.woff2 */,
				5BB37F9425EF781700B9B95A /* Equinor-MediumItalic.ttf */,
				5BB37F9625EF781700B9B95A /* Equinor-MediumItalic.woff */,
				5BB37F9725EF781700B9B95A /* Equinor-MediumItalic.woff2 */,
				5BB37F8225EF781700B9B95A /* Equinor-Regular.ttf */,
				5BB37F9025EF781700B9B95A /* Equinor-Regular.woff */,
				5BB37F9125EF781700B9B95A /* Equinor-Regular.woff2 */,
				5BB37FE225EF7B7F00B9B95A /* cameraButton.png */,
				5BB37FE525EF7B8000B9B95A /* Equinor_logo.png */,
				5BB37FDD25EF7B7F00B9B95A /* Equinor_logo2x.png */,
				5BB37FDA25EF7B7F00B9B95A /* Equinor_logo3x.png */,
				5BB37FDB25EF7B7F00B9B95A /* icon_check_circle_black.png */,
				5BB37FE625EF7B8000B9B95A /* icon_check_circle_blue.png */,
				5BB37FE025EF7B7F00B9B95A /* mc_app_ikon_transparent.png */,
				5BB37FE125EF7B7F00B9B95A /* mc.png */,
				5BB37FE425EF7B7F00B9B95A /* scopeStatusGreen.png */,
				5BB37FE325EF7B7F00B9B95A /* scopeStatusGrey.png */,
				5BB37FDF25EF7B7F00B9B95A /* scopeStatusPa_selected.png */,
				5BB37FDE25EF7B7F00B9B95A /* scopeStatusPa.png */,
				5BB37FE725EF7B8000B9B95A /* scopeStatusPb_selected.png */,
				5BB37FDC25EF7B7F00B9B95A /* scopeStatusPb.png */,
				5BB3800125EF7BA000B9B95A /* CL-OK.png */,
				5BB37FFC25EF7B9F00B9B95A /* CL-OS.png */,
				5BB3800025EF7BA000B9B95A /* CL-PA.png */,
				5BB37FFF25EF7B9F00B9B95A /* CL-PB.png */,
				5BB37FFD25EF7B9F00B9B95A /* OK.png */,
				5BB37FFB25EF7B9F00B9B95A /* OS.png */,
				5BB37FFA25EF7B9F00B9B95A /* PA.png */,
				5BB37FFE25EF7B9F00B9B95A /* PB.png */,
				5BB3800E25EF7BF300B9B95A /* Fontisto.ttf */,
			);
			name = Resources;
			sourceTree = "<group>";
		};
		832341AE1AAA6A7D00B99B32 /* Libraries */ = {
			isa = PBXGroup;
			children = (
			);
			name = Libraries;
			sourceTree = "<group>";
		};
		83CBB9F61A601CBA00E9B192 = {
			isa = PBXGroup;
			children = (
				5BB37F7F25EF770400B9B95A /* Resources */,
				13B07FAE1A68108700A75B9A /* McProCoSys */,
				832341AE1AAA6A7D00B99B32 /* Libraries */,
				83CBBA001A601CBA00E9B192 /* Products */,
				2D16E6871FA4F8E400B85C8A /* Frameworks */,
				028C5A62634E6B6798AEC6CE /* Pods */,
			);
			indentWidth = 2;
			sourceTree = "<group>";
			tabWidth = 2;
			usesTabs = 0;
		};
		83CBBA001A601CBA00E9B192 /* Products */ = {
			isa = PBXGroup;
			children = (
				13B07F961A680F5B00A75B9A /* McProCoSys.app */,
			);
			name = Products;
			sourceTree = "<group>";
		};
/* End PBXGroup section */

/* Begin PBXNativeTarget section */
		13B07F861A680F5B00A75B9A /* McProCoSys */ = {
			isa = PBXNativeTarget;
			buildConfigurationList = 13B07F931A680F5B00A75B9A /* Build configuration list for PBXNativeTarget "McProCoSys" */;
			buildPhases = (
				72304FA4DD263280738C6CE3 /* [CP] Check Pods Manifest.lock */,
				FD10A7F022414F080027D42C /* Start Packager */,
				13B07F871A680F5B00A75B9A /* Sources */,
				13B07F8C1A680F5B00A75B9A /* Frameworks */,
				13B07F8E1A680F5B00A75B9A /* Resources */,
				00DD1BFF1BD5951E006B06BC /* Bundle React Native code and images */,
				931B1770B5B14490DB0F5269 /* [CP] Copy Pods Resources */,
			);
			buildRules = (
			);
			dependencies = (
			);
			name = McProCoSys;
			productName = McProCoSys;
			productReference = 13B07F961A680F5B00A75B9A /* McProCoSys.app */;
			productType = "com.apple.product-type.application";
		};
/* End PBXNativeTarget section */

/* Begin PBXProject section */
		83CBB9F71A601CBA00E9B192 /* Project object */ = {
			isa = PBXProject;
			attributes = {
				LastUpgradeCheck = 1130;
				TargetAttributes = {
					13B07F861A680F5B00A75B9A = {
						DevelopmentTeam = V6HQ25AD64;
						ProvisioningStyle = Automatic;
					};
				};
			};
			buildConfigurationList = 83CBB9FA1A601CBA00E9B192 /* Build configuration list for PBXProject "McProCoSys" */;
			compatibilityVersion = "Xcode 3.2";
			developmentRegion = en;
			hasScannedForEncodings = 0;
			knownRegions = (
				en,
				Base,
			);
			mainGroup = 83CBB9F61A601CBA00E9B192;
			productRefGroup = 83CBBA001A601CBA00E9B192 /* Products */;
			projectDirPath = "";
			projectRoot = "";
			targets = (
				13B07F861A680F5B00A75B9A /* McProCoSys */,
			);
		};
/* End PBXProject section */

/* Begin PBXResourcesBuildPhase section */
		13B07F8E1A680F5B00A75B9A /* Resources */ = {
			isa = PBXResourcesBuildPhase;
			buildActionMask = 2147483647;
			files = (
				5BB37FEA25EF7B8000B9B95A /* scopeStatusPb.png in Resources */,
				5BB37FA425EF781700B9B95A /* Equinor-BoldItalic.woff in Resources */,
				5BB37FE825EF7B8000B9B95A /* Equinor_logo3x.png in Resources */,
				5BB37FAF25EF781700B9B95A /* Equinor-MediumItalic.woff2 in Resources */,
				5BB3800725EF7BA000B9B95A /* CL-PB.png in Resources */,
				5BB37F9B25EF781700B9B95A /* Equinor-Italic.ttf in Resources */,
				5BB37FA225EF781700B9B95A /* Equinor-Light.woff2 in Resources */,
				5BB37FF525EF7B8000B9B95A /* scopeStatusPb_selected.png in Resources */,
				5BB3800425EF7BA000B9B95A /* CL-OS.png in Resources */,
				5BB37FE925EF7B8000B9B95A /* icon_check_circle_black.png in Resources */,
				5BB37F9E25EF781700B9B95A /* Equinor-BoldItalic.woff2 in Resources */,
				5BB3800225EF7BA000B9B95A /* PA.png in Resources */,
				5BB37FF425EF7B8000B9B95A /* icon_check_circle_blue.png in Resources */,
				5BB37FA525EF781700B9B95A /* Equinor-Medium.woff in Resources */,
				5BB3800625EF7BA000B9B95A /* PB.png in Resources */,
				5BB37F9A25EF781700B9B95A /* Equinor-Regular.ttf in Resources */,
				5BB37FA025EF781700B9B95A /* Equinor-Bold.woff2 in Resources */,
				5BB37F9F25EF781700B9B95A /* Equinor-BoldItalic.ttf in Resources */,
				5BB37FEE25EF7B8000B9B95A /* mc_app_ikon_transparent.png in Resources */,
				5BB3800825EF7BA000B9B95A /* CL-PA.png in Resources */,
				5BB37FEF25EF7B8000B9B95A /* mc.png in Resources */,
				5BB37FAC25EF781700B9B95A /* Equinor-MediumItalic.ttf in Resources */,
				5BB37FA325EF781700B9B95A /* Equinor-LightItalic.woff in Resources */,
				5BB37FF125EF7B8000B9B95A /* scopeStatusGrey.png in Resources */,
				5BB37FEC25EF7B8000B9B95A /* scopeStatusPa.png in Resources */,
				5BB37FAD25EF781700B9B95A /* Equinor-Light.woff in Resources */,
				5BB37FA925EF781700B9B95A /* Equinor-Regular.woff2 in Resources */,
				5BB37FED25EF7B8000B9B95A /* scopeStatusPa_selected.png in Resources */,
				81AB9BB82411601600AC10FF /* LaunchScreen.storyboard in Resources */,
				5BB37FAB25EF781700B9B95A /* Equinor-LightItalic.woff2 in Resources */,
				5BB37FA625EF781700B9B95A /* Equinor-Light.ttf in Resources */,
				5BB37F9925EF781700B9B95A /* Equinor-LightItalic.ttf in Resources */,
				5BB3800925EF7BA000B9B95A /* CL-OK.png in Resources */,
				13B07FBF1A68108700A75B9A /* Images.xcassets in Resources */,
				5BB37F9C25EF781700B9B95A /* Equinor-Italic.woff in Resources */,
				5BB37FF225EF7B8000B9B95A /* scopeStatusGreen.png in Resources */,
				5BB3800325EF7BA000B9B95A /* OS.png in Resources */,
				5BB37F9825EF781700B9B95A /* Equinor-Medium.ttf in Resources */,
				5BB37FA825EF781700B9B95A /* Equinor-Regular.woff in Resources */,
				5BB37FAE25EF781700B9B95A /* Equinor-MediumItalic.woff in Resources */,
				5BB3800525EF7BA000B9B95A /* OK.png in Resources */,
				5BB37FF025EF7B8000B9B95A /* cameraButton.png in Resources */,
				5BB37FA725EF781700B9B95A /* Equinor-Bold.ttf in Resources */,
				5BB37FAA25EF781700B9B95A /* Equinor-Italic.woff2 in Resources */,
				5BB37FA125EF781700B9B95A /* Equinor-Bold.woff in Resources */,
				5BB37FF325EF7B8000B9B95A /* Equinor_logo.png in Resources */,
				5BB37FEB25EF7B8000B9B95A /* Equinor_logo2x.png in Resources */,
				5BB37F9D25EF781700B9B95A /* Equinor-Medium.woff2 in Resources */,
			);
			runOnlyForDeploymentPostprocessing = 0;
		};
/* End PBXResourcesBuildPhase section */

/* Begin PBXShellScriptBuildPhase section */
		00DD1BFF1BD5951E006B06BC /* Bundle React Native code and images */ = {
			isa = PBXShellScriptBuildPhase;
			buildActionMask = 2147483647;
			files = (
			);
			inputPaths = (
			);
			name = "Bundle React Native code and images";
			outputPaths = (
			);
			runOnlyForDeploymentPostprocessing = 0;
			shellPath = /bin/sh;
			shellScript = "export NODE_BINARY=node\n../node_modules/react-native/scripts/react-native-xcode.sh\n";
		};
		72304FA4DD263280738C6CE3 /* [CP] Check Pods Manifest.lock */ = {
			isa = PBXShellScriptBuildPhase;
			buildActionMask = 2147483647;
			files = (
			);
			inputFileListPaths = (
			);
			inputPaths = (
				"${PODS_PODFILE_DIR_PATH}/Podfile.lock",
				"${PODS_ROOT}/Manifest.lock",
			);
			name = "[CP] Check Pods Manifest.lock";
			outputFileListPaths = (
			);
			outputPaths = (
				"$(DERIVED_FILE_DIR)/Pods-McProCoSys-checkManifestLockResult.txt",
			);
			runOnlyForDeploymentPostprocessing = 0;
			shellPath = /bin/sh;
			shellScript = "diff \"${PODS_PODFILE_DIR_PATH}/Podfile.lock\" \"${PODS_ROOT}/Manifest.lock\" > /dev/null\nif [ $? != 0 ] ; then\n    # print error to STDERR\n    echo \"error: The sandbox is not in sync with the Podfile.lock. Run 'pod install' or update your CocoaPods installation.\" >&2\n    exit 1\nfi\n# This output is used by Xcode 'outputs' to avoid re-running this script phase.\necho \"SUCCESS\" > \"${SCRIPT_OUTPUT_FILE_0}\"\n";
			showEnvVarsInLog = 0;
		};
		931B1770B5B14490DB0F5269 /* [CP] Copy Pods Resources */ = {
			isa = PBXShellScriptBuildPhase;
			buildActionMask = 2147483647;
			files = (
			);
			inputPaths = (
				"${PODS_ROOT}/Target Support Files/Pods-McProCoSys/Pods-McProCoSys-resources.sh",
				"${PODS_ROOT}/../../node_modules/react-native-vector-icons/Fonts/AntDesign.ttf",
				"${PODS_ROOT}/../../node_modules/react-native-vector-icons/Fonts/Entypo.ttf",
				"${PODS_ROOT}/../../node_modules/react-native-vector-icons/Fonts/EvilIcons.ttf",
				"${PODS_ROOT}/../../node_modules/react-native-vector-icons/Fonts/Feather.ttf",
				"${PODS_ROOT}/../../node_modules/react-native-vector-icons/Fonts/FontAwesome.ttf",
				"${PODS_ROOT}/../../node_modules/react-native-vector-icons/Fonts/FontAwesome5_Brands.ttf",
				"${PODS_ROOT}/../../node_modules/react-native-vector-icons/Fonts/FontAwesome5_Regular.ttf",
				"${PODS_ROOT}/../../node_modules/react-native-vector-icons/Fonts/FontAwesome5_Solid.ttf",
				"${PODS_ROOT}/../../node_modules/react-native-vector-icons/Fonts/Fontisto.ttf",
				"${PODS_ROOT}/../../node_modules/react-native-vector-icons/Fonts/Foundation.ttf",
				"${PODS_ROOT}/../../node_modules/react-native-vector-icons/Fonts/Ionicons.ttf",
				"${PODS_ROOT}/../../node_modules/react-native-vector-icons/Fonts/MaterialCommunityIcons.ttf",
				"${PODS_ROOT}/../../node_modules/react-native-vector-icons/Fonts/MaterialIcons.ttf",
				"${PODS_ROOT}/../../node_modules/react-native-vector-icons/Fonts/Octicons.ttf",
				"${PODS_ROOT}/../../node_modules/react-native-vector-icons/Fonts/SimpleLineIcons.ttf",
				"${PODS_ROOT}/../../node_modules/react-native-vector-icons/Fonts/Zocial.ttf",
				"${PODS_CONFIGURATION_BUILD_DIR}/React-Core/AccessibilityResources.bundle",
			);
			name = "[CP] Copy Pods Resources";
			outputPaths = (
				"${TARGET_BUILD_DIR}/${UNLOCALIZED_RESOURCES_FOLDER_PATH}/AntDesign.ttf",
				"${TARGET_BUILD_DIR}/${UNLOCALIZED_RESOURCES_FOLDER_PATH}/Entypo.ttf",
				"${TARGET_BUILD_DIR}/${UNLOCALIZED_RESOURCES_FOLDER_PATH}/EvilIcons.ttf",
				"${TARGET_BUILD_DIR}/${UNLOCALIZED_RESOURCES_FOLDER_PATH}/Feather.ttf",
				"${TARGET_BUILD_DIR}/${UNLOCALIZED_RESOURCES_FOLDER_PATH}/FontAwesome.ttf",
				"${TARGET_BUILD_DIR}/${UNLOCALIZED_RESOURCES_FOLDER_PATH}/FontAwesome5_Brands.ttf",
				"${TARGET_BUILD_DIR}/${UNLOCALIZED_RESOURCES_FOLDER_PATH}/FontAwesome5_Regular.ttf",
				"${TARGET_BUILD_DIR}/${UNLOCALIZED_RESOURCES_FOLDER_PATH}/FontAwesome5_Solid.ttf",
				"${TARGET_BUILD_DIR}/${UNLOCALIZED_RESOURCES_FOLDER_PATH}/Fontisto.ttf",
				"${TARGET_BUILD_DIR}/${UNLOCALIZED_RESOURCES_FOLDER_PATH}/Foundation.ttf",
				"${TARGET_BUILD_DIR}/${UNLOCALIZED_RESOURCES_FOLDER_PATH}/Ionicons.ttf",
				"${TARGET_BUILD_DIR}/${UNLOCALIZED_RESOURCES_FOLDER_PATH}/MaterialCommunityIcons.ttf",
				"${TARGET_BUILD_DIR}/${UNLOCALIZED_RESOURCES_FOLDER_PATH}/MaterialIcons.ttf",
				"${TARGET_BUILD_DIR}/${UNLOCALIZED_RESOURCES_FOLDER_PATH}/Octicons.ttf",
				"${TARGET_BUILD_DIR}/${UNLOCALIZED_RESOURCES_FOLDER_PATH}/SimpleLineIcons.ttf",
				"${TARGET_BUILD_DIR}/${UNLOCALIZED_RESOURCES_FOLDER_PATH}/Zocial.ttf",
				"${TARGET_BUILD_DIR}/${UNLOCALIZED_RESOURCES_FOLDER_PATH}/AccessibilityResources.bundle",
			);
			runOnlyForDeploymentPostprocessing = 0;
			shellPath = /bin/sh;
			shellScript = "\"${PODS_ROOT}/Target Support Files/Pods-McProCoSys/Pods-McProCoSys-resources.sh\"\n";
			showEnvVarsInLog = 0;
		};
		FD10A7F022414F080027D42C /* Start Packager */ = {
			isa = PBXShellScriptBuildPhase;
			buildActionMask = 2147483647;
			files = (
			);
			inputFileListPaths = (
			);
			inputPaths = (
			);
			name = "Start Packager";
			outputFileListPaths = (
			);
			outputPaths = (
			);
			runOnlyForDeploymentPostprocessing = 0;
			shellPath = /bin/sh;
			shellScript = "export RCT_METRO_PORT=\"${RCT_METRO_PORT:=8081}\"\necho \"export RCT_METRO_PORT=${RCT_METRO_PORT}\" > \"${SRCROOT}/../node_modules/react-native/scripts/.packager.env\"\nif [ -z \"${RCT_NO_LAUNCH_PACKAGER+xxx}\" ] ; then\n  if nc -w 5 -z localhost ${RCT_METRO_PORT} ; then\n    if ! curl -s \"http://localhost:${RCT_METRO_PORT}/status\" | grep -q \"packager-status:running\" ; then\n      echo \"Port ${RCT_METRO_PORT} already in use, packager is either not running or not running correctly\"\n      exit 2\n    fi\n  else\n    open \"$SRCROOT/../node_modules/react-native/scripts/launchPackager.command\" || echo \"Can't start packager automatically\"\n  fi\nfi\n";
			showEnvVarsInLog = 0;
		};
/* End PBXShellScriptBuildPhase section */

/* Begin PBXSourcesBuildPhase section */
		13B07F871A680F5B00A75B9A /* Sources */ = {
			isa = PBXSourcesBuildPhase;
			buildActionMask = 2147483647;
			files = (
				13B07FBC1A68108700A75B9A /* AppDelegate.m in Sources */,
				13B07FC11A68108700A75B9A /* main.m in Sources */,
			);
			runOnlyForDeploymentPostprocessing = 0;
		};
/* End PBXSourcesBuildPhase section */

/* Begin XCBuildConfiguration section */
		13B07F941A680F5B00A75B9A /* Debug */ = {
			isa = XCBuildConfiguration;
			baseConfigurationReference = 2A9D14C8CE42549EDAC22684 /* Pods-McProCoSys.debug.xcconfig */;
			buildSettings = {
				ASSETCATALOG_COMPILER_APPICON_NAME = AppIcon;
				CODE_SIGN_IDENTITY = "iPhone Developer";
				"CODE_SIGN_IDENTITY[sdk=iphoneos*]" = "iPhone Developer";
				CODE_SIGN_STYLE = Automatic;
				CLANG_ENABLE_MODULES = YES;
				CURRENT_PROJECT_VERSION = 15;
				DEVELOPMENT_TEAM = V6HQ25AD64;
				ENABLE_BITCODE = NO;
				INFOPLIST_FILE = McProCoSys/Info.plist;
				IPHONEOS_DEPLOYMENT_TARGET = 11.0;
				LD_RUNPATH_SEARCH_PATHS = "$(inherited) @executable_path/Frameworks";
				MARKETING_VERSION = 2.0.1;
				OTHER_LDFLAGS = (
					"$(inherited)",
					"-ObjC",
					"-lc++",
				);
				PRODUCT_BUNDLE_IDENTIFIER = com.equinor.mcprocosys;
				PRODUCT_NAME = McProCoSys;
				SWIFT_OPTIMIZATION_LEVEL = "-Onone";
				SWIFT_VERSION = 5.0;
				PROVISIONING_PROFILE_SPECIFIER = "";
				TARGETED_DEVICE_FAMILY = "1,2";
				VERSIONING_SYSTEM = "apple-generic";
			};
			name = Debug;
		};
		13B07F951A680F5B00A75B9A /* Release */ = {
			isa = XCBuildConfiguration;
			baseConfigurationReference = 27F5FD7EE0D8EEE3444C782E /* Pods-McProCoSys.release.xcconfig */;
			buildSettings = {
				ASSETCATALOG_COMPILER_APPICON_NAME = AppIcon;
				CODE_SIGN_IDENTITY = "iPhone Developer";
				"CODE_SIGN_IDENTITY[sdk=iphoneos*]" = "iPhone Developer";
				CODE_SIGN_STYLE = Automatic;
				CLANG_ENABLE_MODULES = YES;
				CURRENT_PROJECT_VERSION = 15;
				DEVELOPMENT_TEAM = V6HQ25AD64;
				INFOPLIST_FILE = McProCoSys/Info.plist;
				LD_RUNPATH_SEARCH_PATHS = "$(inherited) @executable_path/Frameworks";
				MARKETING_VERSION = 2.0.1;
				OTHER_LDFLAGS = (
					"$(inherited)",
					"-ObjC",
					"-lc++",
				);
				PRODUCT_BUNDLE_IDENTIFIER = com.equinor.mcprocosys;
				PRODUCT_NAME = McProCoSys;
				PROVISIONING_PROFILE_SPECIFIER = "";
				IPHONEOS_DEPLOYMENT_TARGET = 11.0;
				SWIFT_VERSION = 5.0;
				TARGETED_DEVICE_FAMILY = "1,2";
				VERSIONING_SYSTEM = "apple-generic";
			};
			name = Release;
		};
		83CBBA201A601CBA00E9B192 /* Debug */ = {
			isa = XCBuildConfiguration;
			buildSettings = {
				ALWAYS_SEARCH_USER_PATHS = NO;
				CLANG_ANALYZER_LOCALIZABILITY_NONLOCALIZED = YES;
				CLANG_CXX_LANGUAGE_STANDARD = "gnu++0x";
				CLANG_CXX_LIBRARY = "libc++";
				CLANG_ENABLE_MODULES = YES;
				CLANG_ENABLE_OBJC_ARC = YES;
				CLANG_WARN_BLOCK_CAPTURE_AUTORELEASING = YES;
				CLANG_WARN_BOOL_CONVERSION = YES;
				CLANG_WARN_COMMA = YES;
				CLANG_WARN_CONSTANT_CONVERSION = YES;
				CLANG_WARN_DEPRECATED_OBJC_IMPLEMENTATIONS = YES;
				CLANG_WARN_DIRECT_OBJC_ISA_USAGE = YES_ERROR;
				CLANG_WARN_EMPTY_BODY = YES;
				CLANG_WARN_ENUM_CONVERSION = YES;
				CLANG_WARN_INFINITE_RECURSION = YES;
				CLANG_WARN_INT_CONVERSION = YES;
				CLANG_WARN_NON_LITERAL_NULL_CONVERSION = YES;
				CLANG_WARN_OBJC_IMPLICIT_RETAIN_SELF = YES;
				CLANG_WARN_OBJC_LITERAL_CONVERSION = YES;
				CLANG_WARN_OBJC_ROOT_CLASS = YES_ERROR;
				CLANG_WARN_RANGE_LOOP_ANALYSIS = YES;
				CLANG_WARN_STRICT_PROTOTYPES = YES;
				CLANG_WARN_SUSPICIOUS_MOVE = YES;
				CLANG_WARN_UNREACHABLE_CODE = YES;
				CLANG_WARN__DUPLICATE_METHOD_MATCH = YES;
				"CODE_SIGN_IDENTITY[sdk=iphoneos*]" = "iPhone Developer";
				COPY_PHASE_STRIP = NO;
				ENABLE_STRICT_OBJC_MSGSEND = YES;
				ENABLE_TESTABILITY = YES;
				GCC_C_LANGUAGE_STANDARD = gnu99;
				GCC_DYNAMIC_NO_PIC = NO;
				GCC_NO_COMMON_BLOCKS = YES;
				GCC_OPTIMIZATION_LEVEL = 0;
				GCC_PREPROCESSOR_DEFINITIONS = (
					"DEBUG=1",
					"$(inherited)",
				);
				GCC_SYMBOLS_PRIVATE_EXTERN = NO;
				GCC_WARN_64_TO_32_BIT_CONVERSION = YES;
				GCC_WARN_ABOUT_RETURN_TYPE = YES_ERROR;
				GCC_WARN_UNDECLARED_SELECTOR = YES;
				GCC_WARN_UNINITIALIZED_AUTOS = YES_AGGRESSIVE;
				GCC_WARN_UNUSED_FUNCTION = YES;
				GCC_WARN_UNUSED_VARIABLE = YES;
				IPHONEOS_DEPLOYMENT_TARGET = 11.4;
				LD_RUNPATH_SEARCH_PATHS = "/usr/lib/swift $(inherited)";
				LIBRARY_SEARCH_PATHS = (
					"\"$(TOOLCHAIN_DIR)/usr/lib/swift/$(PLATFORM_NAME)\"",
					"\"$(TOOLCHAIN_DIR)/usr/lib/swift-5.0/$(PLATFORM_NAME)\"",
					"\"$(inherited)\"",
				);
				MTL_ENABLE_DEBUG_INFO = YES;
				ONLY_ACTIVE_ARCH = YES;
				SDKROOT = iphoneos;
			};
			name = Debug;
		};
		83CBBA211A601CBA00E9B192 /* Release */ = {
			isa = XCBuildConfiguration;
			buildSettings = {
				ALWAYS_SEARCH_USER_PATHS = NO;
				CLANG_ANALYZER_LOCALIZABILITY_NONLOCALIZED = YES;
				CLANG_CXX_LANGUAGE_STANDARD = "gnu++0x";
				CLANG_CXX_LIBRARY = "libc++";
				CLANG_ENABLE_MODULES = YES;
				CLANG_ENABLE_OBJC_ARC = YES;
				CLANG_WARN_BLOCK_CAPTURE_AUTORELEASING = YES;
				CLANG_WARN_BOOL_CONVERSION = YES;
				CLANG_WARN_COMMA = YES;
				CLANG_WARN_CONSTANT_CONVERSION = YES;
				CLANG_WARN_DEPRECATED_OBJC_IMPLEMENTATIONS = YES;
				CLANG_WARN_DIRECT_OBJC_ISA_USAGE = YES_ERROR;
				CLANG_WARN_EMPTY_BODY = YES;
				CLANG_WARN_ENUM_CONVERSION = YES;
				CLANG_WARN_INFINITE_RECURSION = YES;
				CLANG_WARN_INT_CONVERSION = YES;
				CLANG_WARN_NON_LITERAL_NULL_CONVERSION = YES;
				CLANG_WARN_OBJC_IMPLICIT_RETAIN_SELF = YES;
				CLANG_WARN_OBJC_LITERAL_CONVERSION = YES;
				CLANG_WARN_OBJC_ROOT_CLASS = YES_ERROR;
				CLANG_WARN_RANGE_LOOP_ANALYSIS = YES;
				CLANG_WARN_STRICT_PROTOTYPES = YES;
				CLANG_WARN_SUSPICIOUS_MOVE = YES;
				CLANG_WARN_UNREACHABLE_CODE = YES;
				CLANG_WARN__DUPLICATE_METHOD_MATCH = YES;
				"CODE_SIGN_IDENTITY[sdk=iphoneos*]" = "iPhone Developer";
				COPY_PHASE_STRIP = YES;
				ENABLE_NS_ASSERTIONS = NO;
				ENABLE_STRICT_OBJC_MSGSEND = YES;
				GCC_C_LANGUAGE_STANDARD = gnu99;
				GCC_NO_COMMON_BLOCKS = YES;
				GCC_WARN_64_TO_32_BIT_CONVERSION = YES;
				GCC_WARN_ABOUT_RETURN_TYPE = YES_ERROR;
				GCC_WARN_UNDECLARED_SELECTOR = YES;
				GCC_WARN_UNINITIALIZED_AUTOS = YES_AGGRESSIVE;
				GCC_WARN_UNUSED_FUNCTION = YES;
				GCC_WARN_UNUSED_VARIABLE = YES;
				IPHONEOS_DEPLOYMENT_TARGET = 11.4;
				LD_RUNPATH_SEARCH_PATHS = "/usr/lib/swift $(inherited)";
				LIBRARY_SEARCH_PATHS = (
					"\"$(TOOLCHAIN_DIR)/usr/lib/swift/$(PLATFORM_NAME)\"",
					"\"$(TOOLCHAIN_DIR)/usr/lib/swift-5.0/$(PLATFORM_NAME)\"",
					"\"$(inherited)\"",
				);
				MTL_ENABLE_DEBUG_INFO = NO;
				SDKROOT = iphoneos;
				VALIDATE_PRODUCT = YES;
			};
			name = Release;
		};
/* End XCBuildConfiguration section */

/* Begin XCConfigurationList section */
		13B07F931A680F5B00A75B9A /* Build configuration list for PBXNativeTarget "McProCoSys" */ = {
			isa = XCConfigurationList;
			buildConfigurations = (
				13B07F941A680F5B00A75B9A /* Debug */,
				13B07F951A680F5B00A75B9A /* Release */,
			);
			defaultConfigurationIsVisible = 0;
			defaultConfigurationName = Debug;
		};
		83CBB9FA1A601CBA00E9B192 /* Build configuration list for PBXProject "McProCoSys" */ = {
			isa = XCConfigurationList;
			buildConfigurations = (
				83CBBA201A601CBA00E9B192 /* Debug */,
				83CBBA211A601CBA00E9B192 /* Release */,
			);
			defaultConfigurationIsVisible = 0;
			defaultConfigurationName = Debug;
		};
/* End XCConfigurationList section */
	};
	rootObject = 83CBB9F71A601CBA00E9B192 /* Project object */;
}
